
Microsoft Visual Studio Solution File, Format Version 12.00
# Visual Studio Version 17
VisualStudioVersion = 17.12.35707.178 d17.12
MinimumVisualStudioVersion = 10.0.40219.1
Project("{FAE04EC0-301F-11D3-BF4B-00C04F79EFBC}") = "DapperEjerciciosPractice", "DapperEjerciciosPractice\DapperEjerciciosPractice.csproj", "{6CAB6CC3-6ADB-4828-8D21-C0C649AE3558}"
EndProject
Global
	GlobalSection(SolutionConfigurationPlatforms) = preSolution
		Debug|Any CPU = Debug|Any CPU
		Release|Any CPU = Release|Any CPU
	EndGlobalSection
	GlobalSection(ProjectConfigurationPlatforms) = postSolution
		{6CAB6CC3-6ADB-4828-8D21-C0C649AE3558}.Debug|Any CPU.ActiveCfg = Debug|Any CPU
		{6CAB6CC3-6ADB-4828-8D21-C0C649AE3558}.Debug|Any CPU.Build.0 = Debug|Any CPU
		{6CAB6CC3-6ADB-4828-8D21-C0C649AE3558}.Release|Any CPU.ActiveCfg = Release|Any CPU
		{6CAB6CC3-6ADB-4828-8D21-C0C649AE3558}.Release|Any CPU.Build.0 = Release|Any CPU
	EndGlobalSection
	GlobalSection(SolutionProperties) = preSolution
		HideSolutionNode = FALSE
	EndGlobalSection
EndGlobal
